// !$*UTF8*$!
{
	archiveVersion = 1;
	classes = {
	};
	objectVersion = 46;
	objects = {

/* Begin PBXBuildFile section */
		530583C71CBCA290000D1F09 /* JSONTree.m in Sources */ = {isa = PBXBuildFile; fileRef = 530583C61CBCA290000D1F09 /* JSONTree.m */; };
		530583CE1CBCDA2E000D1F09 /* EditViewController.m in Sources */ = {isa = PBXBuildFile; fileRef = 530583CC1CBCDA2E000D1F09 /* EditViewController.m */; };
		530583CF1CBCDA2E000D1F09 /* EditViewController.xib in Resources */ = {isa = PBXBuildFile; fileRef = 530583CD1CBCDA2E000D1F09 /* EditViewController.xib */; };
		5337739F1CBB940400ABB57A /* AppDelegate.m in Sources */ = {isa = PBXBuildFile; fileRef = 5337739E1CBB940400ABB57A /* AppDelegate.m */; };
		533773A21CBB940400ABB57A /* main.m in Sources */ = {isa = PBXBuildFile; fileRef = 533773A11CBB940400ABB57A /* main.m */; };
		533773A41CBB940400ABB57A /* Assets.xcassets in Resources */ = {isa = PBXBuildFile; fileRef = 533773A31CBB940400ABB57A /* Assets.xcassets */; };
		533773A71CBB940400ABB57A /* MainMenu.xib in Resources */ = {isa = PBXBuildFile; fileRef = 533773A51CBB940400ABB57A /* MainMenu.xib */; };
		533773B11CBB946900ABB57A /* MainViewController.m in Sources */ = {isa = PBXBuildFile; fileRef = 533773AF1CBB946900ABB57A /* MainViewController.m */; };
		533773B21CBB946900ABB57A /* MainViewController.xib in Resources */ = {isa = PBXBuildFile; fileRef = 533773B01CBB946900ABB57A /* MainViewController.xib */; };
		533773BE1CBB9D7200ABB57A /* NSString+JSON.m in Sources */ = {isa = PBXBuildFile; fileRef = 533773BD1CBB9D7200ABB57A /* NSString+JSON.m */; };
/* End PBXBuildFile section */

/* Begin PBXFileReference section */
		530583C51CBCA290000D1F09 /* JSONTree.h */ = {isa = PBXFileReference; fileEncoding = 4; lastKnownFileType = sourcecode.c.h; path = JSONTree.h; sourceTree = "<group>"; };
		530583C61CBCA290000D1F09 /* JSONTree.m */ = {isa = PBXFileReference; fileEncoding = 4; lastKnownFileType = sourcecode.c.objc; path = JSONTree.m; sourceTree = "<group>"; };
		530583CB1CBCDA2E000D1F09 /* EditViewController.h */ = {isa = PBXFileReference; fileEncoding = 4; lastKnownFileType = sourcecode.c.h; path = EditViewController.h; sourceTree = "<group>"; };
		530583CC1CBCDA2E000D1F09 /* EditViewController.m */ = {isa = PBXFileReference; fileEncoding = 4; lastKnownFileType = sourcecode.c.objc; path = EditViewController.m; sourceTree = "<group>"; };
		530583CD1CBCDA2E000D1F09 /* EditViewController.xib */ = {isa = PBXFileReference; fileEncoding = 4; lastKnownFileType = file.xib; path = EditViewController.xib; sourceTree = "<group>"; };
		5337739A1CBB940400ABB57A /* BatchEditor.app */ = {isa = PBXFileReference; explicitFileType = wrapper.application; includeInIndex = 0; path = BatchEditor.app; sourceTree = BUILT_PRODUCTS_DIR; };
		5337739D1CBB940400ABB57A /* AppDelegate.h */ = {isa = PBXFileReference; lastKnownFileType = sourcecode.c.h; path = AppDelegate.h; sourceTree = "<group>"; };
		5337739E1CBB940400ABB57A /* AppDelegate.m */ = {isa = PBXFileReference; lastKnownFileType = sourcecode.c.objc; path = AppDelegate.m; sourceTree = "<group>"; };
		533773A11CBB940400ABB57A /* main.m */ = {isa = PBXFileReference; lastKnownFileType = sourcecode.c.objc; path = main.m; sourceTree = "<group>"; };
		533773A31CBB940400ABB57A /* Assets.xcassets */ = {isa = PBXFileReference; lastKnownFileType = folder.assetcatalog; path = Assets.xcassets; sourceTree = "<group>"; };
		533773A61CBB940400ABB57A /* Base */ = {isa = PBXFileReference; lastKnownFileType = file.xib; name = Base; path = Base.lproj/MainMenu.xib; sourceTree = "<group>"; };
		533773A81CBB940400ABB57A /* Info.plist */ = {isa = PBXFileReference; lastKnownFileType = text.plist.xml; path = Info.plist; sourceTree = "<group>"; };
		533773AE1CBB946900ABB57A /* MainViewController.h */ = {isa = PBXFileReference; fileEncoding = 4; lastKnownFileType = sourcecode.c.h; path = MainViewController.h; sourceTree = "<group>"; };
		533773AF1CBB946900ABB57A /* MainViewController.m */ = {isa = PBXFileReference; fileEncoding = 4; lastKnownFileType = sourcecode.c.objc; path = MainViewController.m; sourceTree = "<group>"; };
		533773B01CBB946900ABB57A /* MainViewController.xib */ = {isa = PBXFileReference; fileEncoding = 4; lastKnownFileType = file.xib; path = MainViewController.xib; sourceTree = "<group>"; };
		533773BC1CBB9D7200ABB57A /* NSString+JSON.h */ = {isa = PBXFileReference; fileEncoding = 4; lastKnownFileType = sourcecode.c.h; path = "NSString+JSON.h"; sourceTree = "<group>"; };
		533773BD1CBB9D7200ABB57A /* NSString+JSON.m */ = {isa = PBXFileReference; fileEncoding = 4; lastKnownFileType = sourcecode.c.objc; path = "NSString+JSON.m"; sourceTree = "<group>"; };
/* End PBXFileReference section */

/* Begin PBXFrameworksBuildPhase section */
		533773971CBB940400ABB57A /* Frameworks */ = {
			isa = PBXFrameworksBuildPhase;
			buildActionMask = 2147483647;
			files = (
			);
			runOnlyForDeploymentPostprocessing = 0;
		};
/* End PBXFrameworksBuildPhase section */

/* Begin PBXGroup section */
		533773911CBB940400ABB57A = {
			isa = PBXGroup;
			children = (
				5337739C1CBB940400ABB57A /* BatchEditor */,
				5337739B1CBB940400ABB57A /* Products */,
			);
			sourceTree = "<group>";
		};
		5337739B1CBB940400ABB57A /* Products */ = {
			isa = PBXGroup;
			children = (
				5337739A1CBB940400ABB57A /* BatchEditor.app */,
			);
			name = Products;
			sourceTree = "<group>";
		};
		5337739C1CBB940400ABB57A /* BatchEditor */ = {
			isa = PBXGroup;
			children = (
				5337739D1CBB940400ABB57A /* AppDelegate.h */,
				5337739E1CBB940400ABB57A /* AppDelegate.m */,
				533773A31CBB940400ABB57A /* Assets.xcassets */,
				533773A51CBB940400ABB57A /* MainMenu.xib */,
				533773A81CBB940400ABB57A /* Info.plist */,
				533773A01CBB940400ABB57A /* Supporting Files */,
				533773B31CBB946D00ABB57A /* viewcontrollers */,
				533773BC1CBB9D7200ABB57A /* NSString+JSON.h */,
				533773BD1CBB9D7200ABB57A /* NSString+JSON.m */,
				530583C51CBCA290000D1F09 /* JSONTree.h */,
				530583C61CBCA290000D1F09 /* JSONTree.m */,
			);
			path = BatchEditor;
			sourceTree = "<group>";
		};
		533773A01CBB940400ABB57A /* Supporting Files */ = {
			isa = PBXGroup;
			children = (
				533773A11CBB940400ABB57A /* main.m */,
			);
			name = "Supporting Files";
			sourceTree = "<group>";
		};
		533773B31CBB946D00ABB57A /* viewcontrollers */ = {
			isa = PBXGroup;
			children = (
				533773AE1CBB946900ABB57A /* MainViewController.h */,
				533773AF1CBB946900ABB57A /* MainViewController.m */,
				533773B01CBB946900ABB57A /* MainViewController.xib */,
				530583CB1CBCDA2E000D1F09 /* EditViewController.h */,
				530583CC1CBCDA2E000D1F09 /* EditViewController.m */,
				530583CD1CBCDA2E000D1F09 /* EditViewController.xib */,
			);
			name = viewcontrollers;
			sourceTree = "<group>";
		};
/* End PBXGroup section */

/* Begin PBXNativeTarget section */
		533773991CBB940400ABB57A /* BatchEditor */ = {
			isa = PBXNativeTarget;
			buildConfigurationList = 533773AB1CBB940400ABB57A /* Build configuration list for PBXNativeTarget "BatchEditor" */;
			buildPhases = (
				533773961CBB940400ABB57A /* Sources */,
				533773971CBB940400ABB57A /* Frameworks */,
				533773981CBB940400ABB57A /* Resources */,
			);
			buildRules = (
			);
			dependencies = (
			);
			name = BatchEditor;
			productName = BatchEditor;
			productReference = 5337739A1CBB940400ABB57A /* BatchEditor.app */;
			productType = "com.apple.product-type.application";
		};
/* End PBXNativeTarget section */

/* Begin PBXProject section */
		533773921CBB940400ABB57A /* Project object */ = {
			isa = PBXProject;
			attributes = {
				LastUpgradeCheck = 0730;
				ORGANIZATIONNAME = ele.me;
				TargetAttributes = {
					533773991CBB940400ABB57A = {
						CreatedOnToolsVersion = 7.3;
						DevelopmentTeam = 9SR35Y6UHD;
					};
				};
			};
			buildConfigurationList = 533773951CBB940400ABB57A /* Build configuration list for PBXProject "BatchEditor" */;
			compatibilityVersion = "Xcode 3.2";
			developmentRegion = English;
			hasScannedForEncodings = 0;
			knownRegions = (
				en,
				Base,
			);
			mainGroup = 533773911CBB940400ABB57A;
			productRefGroup = 5337739B1CBB940400ABB57A /* Products */;
			projectDirPath = "";
			projectRoot = "";
			targets = (
				533773991CBB940400ABB57A /* BatchEditor */,
			);
		};
/* End PBXProject section */

/* Begin PBXResourcesBuildPhase section */
		533773981CBB940400ABB57A /* Resources */ = {
			isa = PBXResourcesBuildPhase;
			buildActionMask = 2147483647;
			files = (
				533773A41CBB940400ABB57A /* Assets.xcassets in Resources */,
				530583CF1CBCDA2E000D1F09 /* EditViewController.xib in Resources */,
				533773B21CBB946900ABB57A /* MainViewController.xib in Resources */,
				533773A71CBB940400ABB57A /* MainMenu.xib in Resources */,
			);
			runOnlyForDeploymentPostprocessing = 0;
		};
/* End PBXResourcesBuildPhase section */

/* Begin PBXSourcesBuildPhase section */
		533773961CBB940400ABB57A /* Sources */ = {
			isa = PBXSourcesBuildPhase;
			buildActionMask = 2147483647;
			files = (
				533773BE1CBB9D7200ABB57A /* NSString+JSON.m in Sources */,
				533773A21CBB940400ABB57A /* main.m in Sources */,
				533773B11CBB946900ABB57A /* MainViewController.m in Sources */,
				530583CE1CBCDA2E000D1F09 /* EditViewController.m in Sources */,
				530583C71CBCA290000D1F09 /* JSONTree.m in Sources */,
				5337739F1CBB940400ABB57A /* AppDelegate.m in Sources */,
			);
			runOnlyForDeploymentPostprocessing = 0;
		};
/* End PBXSourcesBuildPhase section */

/* Begin PBXVariantGroup section */
		533773A51CBB940400ABB57A /* MainMenu.xib */ = {
			isa = PBXVariantGroup;
			children = (
				533773A61CBB940400ABB57A /* Base */,
			);
			name = MainMenu.xib;
			sourceTree = "<group>";
		};
/* End PBXVariantGroup section */

/* Begin XCBuildConfiguration section */
		533773A91CBB940400ABB57A /* Debug */ = {
			isa = XCBuildConfiguration;
			buildSettings = {
				ALWAYS_SEARCH_USER_PATHS = NO;
				CLANG_ANALYZER_NONNULL = YES;
				CLANG_CXX_LANGUAGE_STANDARD = "gnu++0x";
				CLANG_CXX_LIBRARY = "libc++";
				CLANG_ENABLE_MODULES = YES;
				CLANG_ENABLE_OBJC_ARC = YES;
				CLANG_WARN_BOOL_CONVERSION = YES;
				CLANG_WARN_CONSTANT_CONVERSION = YES;
				CLANG_WARN_DIRECT_OBJC_ISA_USAGE = YES_ERROR;
				CLANG_WARN_EMPTY_BODY = YES;
				CLANG_WARN_ENUM_CONVERSION = YES;
				CLANG_WARN_INT_CONVERSION = YES;
				CLANG_WARN_OBJC_ROOT_CLASS = YES_ERROR;
				CLANG_WARN_UNREACHABLE_CODE = YES;
				CLANG_WARN__DUPLICATE_METHOD_MATCH = YES;
				CODE_SIGN_IDENTITY = "-";
				COPY_PHASE_STRIP = NO;
				DEBUG_INFORMATION_FORMAT = dwarf;
				ENABLE_STRICT_OBJC_MSGSEND = YES;
				ENABLE_TESTABILITY = YES;
				GCC_C_LANGUAGE_STANDARD = gnu99;
				GCC_DYNAMIC_NO_PIC = NO;
				GCC_NO_COMMON_BLOCKS = YES;
				GCC_OPTIMIZATION_LEVEL = 0;
				GCC_PREPROCESSOR_DEFINITIONS = (
					"DEBUG=1",
					"$(inherited)",
				);
				GCC_WARN_64_TO_32_BIT_CONVERSION = YES;
				GCC_WARN_ABOUT_RETURN_TYPE = YES_ERROR;
				GCC_WARN_UNDECLARED_SELECTOR = YES;
				GCC_WARN_UNINITIALIZED_AUTOS = YES_AGGRESSIVE;
				GCC_WARN_UNUSED_FUNCTION = YES;
				GCC_WARN_UNUSED_VARIABLE = YES;
				MACOSX_DEPLOYMENT_TARGET = 10.11;
				MTL_ENABLE_DEBUG_INFO = YES;
				ONLY_ACTIVE_ARCH = YES;
				SDKROOT = macosx;
			};
			name = Debug;
		};
		533773AA1CBB940400ABB57A /* Release */ = {
			isa = XCBuildConfiguration;
			buildSettings = {
				ALWAYS_SEARCH_USER_PATHS = NO;
				CLANG_ANALYZER_NONNULL = YES;
				CLANG_CXX_LANGUAGE_STANDARD = "gnu++0x";
				CLANG_CXX_LIBRARY = "libc++";
				CLANG_ENABLE_MODULES = YES;
				CLANG_ENABLE_OBJC_ARC = YES;
				CLANG_WARN_BOOL_CONVERSION = YES;
				CLANG_WARN_CONSTANT_CONVERSION = YES;
				CLANG_WARN_DIRECT_OBJC_ISA_USAGE = YES_ERROR;
				CLANG_WARN_EMPTY_BODY = YES;
				CLANG_WARN_ENUM_CONVERSION = YES;
				CLANG_WARN_INT_CONVERSION = YES;
				CLANG_WARN_OBJC_ROOT_CLASS = YES_ERROR;
				CLANG_WARN_UNREACHABLE_CODE = YES;
				CLANG_WARN__DUPLICATE_METHOD_MATCH = YES;
				CODE_SIGN_IDENTITY = "-";
				COPY_PHASE_STRIP = NO;
				DEBUG_INFORMATION_FORMAT = "dwarf-with-dsym";
				ENABLE_NS_ASSERTIONS = NO;
				ENABLE_STRICT_OBJC_MSGSEND = YES;
				GCC_C_LANGUAGE_STANDARD = gnu99;
				GCC_NO_COMMON_BLOCKS = YES;
				GCC_WARN_64_TO_32_BIT_CONVERSION = YES;
				GCC_WARN_ABOUT_RETURN_TYPE = YES_ERROR;
				GCC_WARN_UNDECLARED_SELECTOR = YES;
				GCC_WARN_UNINITIALIZED_AUTOS = YES_AGGRESSIVE;
				GCC_WARN_UNUSED_FUNCTION = YES;
				GCC_WARN_UNUSED_VARIABLE = YES;
				MACOSX_DEPLOYMENT_TARGET = 10.11;
				MTL_ENABLE_DEBUG_INFO = NO;
				SDKROOT = macosx;
			};
			name = Release;
		};
		533773AC1CBB940400ABB57A /* Debug */ = {
			isa = XCBuildConfiguration;
			buildSettings = {
				ASSETCATALOG_COMPILER_APPICON_NAME = AppIcon;
				COMBINE_HIDPI_IMAGES = YES;
				INFOPLIST_FILE = BatchEditor/Info.plist;
				LD_RUNPATH_SEARCH_PATHS = "$(inherited) @executable_path/../Frameworks";
				MACOSX_DEPLOYMENT_TARGET = 10.9;
				PRODUCT_BUNDLE_IDENTIFIER = me.ele.stephenw.BatchEditor;
				PRODUCT_NAME = "$(TARGET_NAME)";
			};
			name = Debug;
		};
		533773AD1CBB940400ABB57A /* Release */ = {
			isa = XCBuildConfiguration;
			buildSettings = {
				ASSETCATALOG_COMPILER_APPICON_NAME = AppIcon;
				COMBINE_HIDPI_IMAGES = YES;
				INFOPLIST_FILE = BatchEditor/Info.plist;
				LD_RUNPATH_SEARCH_PATHS = "$(inherited) @executable_path/../Frameworks";
				MACOSX_DEPLOYMENT_TARGET = 10.9;
				PRODUCT_BUNDLE_IDENTIFIER = me.ele.stephenw.BatchEditor;
				PRODUCT_NAME = "$(TARGET_NAME)";
			};
			name = Release;
		};
/* End XCBuildConfiguration section */

/* Begin XCConfigurationList section */
		533773951CBB940400ABB57A /* Build configuration list for PBXProject "BatchEditor" */ = {
			isa = XCConfigurationList;
			buildConfigurations = (
				533773A91CBB940400ABB57A /* Debug */,
				533773AA1CBB940400ABB57A /* Release */,
			);
			defaultConfigurationIsVisible = 0;
			defaultConfigurationName = Release;
		};
		533773AB1CBB940400ABB57A /* Build configuration list for PBXNativeTarget "BatchEditor" */ = {
			isa = XCConfigurationList;
			buildConfigurations = (
				533773AC1CBB940400ABB57A /* Debug */,
				533773AD1CBB940400ABB57A /* Release */,
			);
			defaultConfigurationIsVisible = 0;
			defaultConfigurationName = Release;
		};
/* End XCConfigurationList section */
	};
	rootObject = 533773921CBB940400ABB57A /* Project object */;
}
